{
  "requires": true,
  "lockfileVersion": 1,
  "dependencies": {
    "shell.js": {
      "version": "3.1.0",
      "resolved": "https://registry.npmjs.org/shell.js/-/shell.js-3.1.0.tgz",
      "integrity": "sha512-YSLfcBYSzL61KNdkMykqmSfYuSC7VcqjOW+b9dx+5VJBNR7Yxoj6ioA1c9/RqKGf04yQEtWZNXVlFLZUsjLn4A=="
    }
  }
}
